
Microsoft Visual Studio Solution File, Format Version 12.00
# Visual Studio Version 16
VisualStudioVersion = 16.0.31129.286
MinimumVisualStudioVersion = 10.0.40219.1
Project("{FAE04EC0-301F-11D3-BF4B-00C04F79EFBC}") = "ProxyPattern", "ProxyPattern\ProxyPattern.csproj", "{6784FA9D-A4FE-467B-9830-60BA1FE4D135}"
EndProject
Global
	GlobalSection(SolutionConfigurationPlatforms) = preSolution
		Debug|Any CPU = Debug|Any CPU
		Release|Any CPU = Release|Any CPU
	EndGlobalSection
	GlobalSection(ProjectConfigurationPlatforms) = postSolution
		{6784FA9D-A4FE-467B-9830-60BA1FE4D135}.Debug|Any CPU.ActiveCfg = Debug|Any CPU
		{6784FA9D-A4FE-467B-9830-60BA1FE4D135}.Debug|Any CPU.Build.0 = Debug|Any CPU
		{6784FA9D-A4FE-467B-9830-60BA1FE4D135}.Release|Any CPU.ActiveCfg = Release|Any CPU
		{6784FA9D-A4FE-467B-9830-60BA1FE4D135}.Release|Any CPU.Build.0 = Release|Any CPU
	EndGlobalSection
	GlobalSection(SolutionProperties) = preSolution
		HideSolutionNode = FALSE
	EndGlobalSection
	GlobalSection(ExtensibilityGlobals) = postSolution
		SolutionGuid = {65B6EFF5-7975-41C2-9FE9-581A18A15929}
	EndGlobalSection
EndGlobal
